
Microsoft Visual Studio Solution File, Format Version 12.00
# Visual Studio Version 17
VisualStudioVersion = 17.4.33122.133
MinimumVisualStudioVersion = 10.0.40219.1
Project("{E24C65DC-7377-472B-9ABA-BC803B73C61A}") = "JobSplit(1)", "D:\JobSplit\", "{6B498615-2FF5-429D-A9CF-34C4EDE40B14}"
	ProjectSection(WebsiteProperties) = preProject
		TargetFrameworkMoniker = ".NETFramework,Version%3Dv3.5"
		Debug.AspNetCompiler.VirtualPath = "/localhost_50385"
		Debug.AspNetCompiler.PhysicalPath = "D:\JobSplit\"
		Debug.AspNetCompiler.TargetPath = "PrecompiledWeb\localhost_50385\"
		Debug.AspNetCompiler.Updateable = "true"
		Debug.AspNetCompiler.ForceOverwrite = "true"
		Debug.AspNetCompiler.FixedNames = "false"
		Debug.AspNetCompiler.Debug = "True"
		Release.AspNetCompiler.VirtualPath = "/localhost_50385"
		Release.AspNetCompiler.PhysicalPath = "D:\JobSplit\"
		Release.AspNetCompiler.TargetPath = "PrecompiledWeb\localhost_50385\"
		Release.AspNetCompiler.Updateable = "true"
		Release.AspNetCompiler.ForceOverwrite = "true"
		Release.AspNetCompiler.FixedNames = "false"
		Release.AspNetCompiler.Debug = "False"
		VWDPort = "50385"
		SlnRelativePath = "D:\JobSplit\"
	EndProjectSection
EndProject
Global
	GlobalSection(SolutionConfigurationPlatforms) = preSolution
		Debug|Any CPU = Debug|Any CPU
	EndGlobalSection
	GlobalSection(ProjectConfigurationPlatforms) = postSolution
		{6B498615-2FF5-429D-A9CF-34C4EDE40B14}.Debug|Any CPU.ActiveCfg = Debug|Any CPU
		{6B498615-2FF5-429D-A9CF-34C4EDE40B14}.Debug|Any CPU.Build.0 = Debug|Any CPU
	EndGlobalSection
	GlobalSection(SolutionProperties) = preSolution
		HideSolutionNode = FALSE
	EndGlobalSection
	GlobalSection(ExtensibilityGlobals) = postSolution
		SolutionGuid = {559A11E6-24C8-40DE-8A42-5FAD8F4D62FE}
	EndGlobalSection
EndGlobal
